// !$*UTF8*$!
{
	archiveVersion = 1;
	classes = {
	};
	objectVersion = 50;
	objects = {

/* Begin PBXBuildFile section */
		72AD3AA6273A51A60047B5F9 /* AppDelegate.swift in Sources */ = {isa = PBXBuildFile; fileRef = 72AD3AA5273A51A60047B5F9 /* AppDelegate.swift */; };
		72AD3AA8273A51A60047B5F9 /* SceneDelegate.swift in Sources */ = {isa = PBXBuildFile; fileRef = 72AD3AA7273A51A60047B5F9 /* SceneDelegate.swift */; };
		72AD3AAA273A51A60047B5F9 /* ViewController.swift in Sources */ = {isa = PBXBuildFile; fileRef = 72AD3AA9273A51A60047B5F9 /* ViewController.swift */; };
		72AD3AAD273A51A60047B5F9 /* Main.storyboard in Resources */ = {isa = PBXBuildFile; fileRef = 72AD3AAB273A51A60047B5F9 /* Main.storyboard */; };
		72AD3AAF273A51AA0047B5F9 /* Assets.xcassets in Resources */ = {isa = PBXBuildFile; fileRef = 72AD3AAE273A51AA0047B5F9 /* Assets.xcassets */; };
		72AD3AB2273A51AA0047B5F9 /* LaunchScreen.storyboard in Resources */ = {isa = PBXBuildFile; fileRef = 72AD3AB0273A51AA0047B5F9 /* LaunchScreen.storyboard */; };
		72AD3ABD273A51AA0047B5F9 /* MusicPlayerTests.swift in Sources */ = {isa = PBXBuildFile; fileRef = 72AD3ABC273A51AA0047B5F9 /* MusicPlayerTests.swift */; };
		72AD3AC8273A51AA0047B5F9 /* MusicPlayerUITests.swift in Sources */ = {isa = PBXBuildFile; fileRef = 72AD3AC7273A51AA0047B5F9 /* MusicPlayerUITests.swift */; };
/* End PBXBuildFile section */

/* Begin PBXContainerItemProxy section */
		72AD3AB9273A51AA0047B5F9 /* PBXContainerItemProxy */ = {
			isa = PBXContainerItemProxy;
			containerPortal = 72AD3A9A273A51A60047B5F9 /* Project object */;
			proxyType = 1;
			remoteGlobalIDString = 72AD3AA1273A51A60047B5F9;
			remoteInfo = MusicPlayer;
		};
		72AD3AC4273A51AA0047B5F9 /* PBXContainerItemProxy */ = {
			isa = PBXContainerItemProxy;
			containerPortal = 72AD3A9A273A51A60047B5F9 /* Project object */;
			proxyType = 1;
			remoteGlobalIDString = 72AD3AA1273A51A60047B5F9;
			remoteInfo = MusicPlayer;
		};
/* End PBXContainerItemProxy section */

/* Begin PBXFileReference section */
		72AD3AA2273A51A60047B5F9 /* MusicPlayer.app */ = {isa = PBXFileReference; explicitFileType = wrapper.application; includeInIndex = 0; path = MusicPlayer.app; sourceTree = BUILT_PRODUCTS_DIR; };
		72AD3AA5273A51A60047B5F9 /* AppDelegate.swift */ = {isa = PBXFileReference; lastKnownFileType = sourcecode.swift; path = AppDelegate.swift; sourceTree = "<group>"; };
		72AD3AA7273A51A60047B5F9 /* SceneDelegate.swift */ = {isa = PBXFileReference; lastKnownFileType = sourcecode.swift; path = SceneDelegate.swift; sourceTree = "<group>"; };
		72AD3AA9273A51A60047B5F9 /* ViewController.swift */ = {isa = PBXFileReference; lastKnownFileType = sourcecode.swift; path = ViewController.swift; sourceTree = "<group>"; };
		72AD3AAC273A51A60047B5F9 /* Base */ = {isa = PBXFileReference; lastKnownFileType = file.storyboard; name = Base; path = Base.lproj/Main.storyboard; sourceTree = "<group>"; };
		72AD3AAE273A51AA0047B5F9 /* Assets.xcassets */ = {isa = PBXFileReference; lastKnownFileType = folder.assetcatalog; path = Assets.xcassets; sourceTree = "<group>"; };
		72AD3AB1273A51AA0047B5F9 /* Base */ = {isa = PBXFileReference; lastKnownFileType = file.storyboard; name = Base; path = Base.lproj/LaunchScreen.storyboard; sourceTree = "<group>"; };
		72AD3AB3273A51AA0047B5F9 /* Info.plist */ = {isa = PBXFileReference; lastKnownFileType = text.plist.xml; path = Info.plist; sourceTree = "<group>"; };
		72AD3AB8273A51AA0047B5F9 /* MusicPlayerTests.xctest */ = {isa = PBXFileReference; explicitFileType = wrapper.cfbundle; includeInIndex = 0; path = MusicPlayerTests.xctest; sourceTree = BUILT_PRODUCTS_DIR; };
		72AD3ABC273A51AA0047B5F9 /* MusicPlayerTests.swift */ = {isa = PBXFileReference; lastKnownFileType = sourcecode.swift; path = MusicPlayerTests.swift; sourceTree = "<group>"; };
		72AD3ABE273A51AA0047B5F9 /* Info.plist */ = {isa = PBXFileReference; lastKnownFileType = text.plist.xml; path = Info.plist; sourceTree = "<group>"; };
		72AD3AC3273A51AA0047B5F9 /* MusicPlayerUITests.xctest */ = {isa = PBXFileReference; explicitFileType = wrapper.cfbundle; includeInIndex = 0; path = MusicPlayerUITests.xctest; sourceTree = BUILT_PRODUCTS_DIR; };
		72AD3AC7273A51AA0047B5F9 /* MusicPlayerUITests.swift */ = {isa = PBXFileReference; lastKnownFileType = sourcecode.swift; path = MusicPlayerUITests.swift; sourceTree = "<group>"; };
		72AD3AC9273A51AA0047B5F9 /* Info.plist */ = {isa = PBXFileReference; lastKnownFileType = text.plist.xml; path = Info.plist; sourceTree = "<group>"; };
/* End PBXFileReference section */

/* Begin PBXFrameworksBuildPhase section */
		72AD3A9F273A51A60047B5F9 /* Frameworks */ = {
			isa = PBXFrameworksBuildPhase;
			buildActionMask = 2147483647;
			files = (
			);
			runOnlyForDeploymentPostprocessing = 0;
		};
		72AD3AB5273A51AA0047B5F9 /* Frameworks */ = {
			isa = PBXFrameworksBuildPhase;
			buildActionMask = 2147483647;
			files = (
			);
			runOnlyForDeploymentPostprocessing = 0;
		};
		72AD3AC0273A51AA0047B5F9 /* Frameworks */ = {
			isa = PBXFrameworksBuildPhase;
			buildActionMask = 2147483647;
			files = (
			);
			runOnlyForDeploymentPostprocessing = 0;
		};
/* End PBXFrameworksBuildPhase section */

/* Begin PBXGroup section */
		72AD3A99273A51A60047B5F9 = {
			isa = PBXGroup;
			children = (
				72AD3AA4273A51A60047B5F9 /* MusicPlayer */,
				72AD3ABB273A51AA0047B5F9 /* MusicPlayerTests */,
				72AD3AC6273A51AA0047B5F9 /* MusicPlayerUITests */,
				72AD3AA3273A51A60047B5F9 /* Products */,
			);
			sourceTree = "<group>";
		};
		72AD3AA3273A51A60047B5F9 /* Products */ = {
			isa = PBXGroup;
			children = (
				72AD3AA2273A51A60047B5F9 /* MusicPlayer.app */,
				72AD3AB8273A51AA0047B5F9 /* MusicPlayerTests.xctest */,
				72AD3AC3273A51AA0047B5F9 /* MusicPlayerUITests.xctest */,
			);
			name = Products;
			sourceTree = "<group>";
		};
		72AD3AA4273A51A60047B5F9 /* MusicPlayer */ = {
			isa = PBXGroup;
			children = (
				72AD3AA5273A51A60047B5F9 /* AppDelegate.swift */,
				72AD3AA7273A51A60047B5F9 /* SceneDelegate.swift */,
				72AD3AA9273A51A60047B5F9 /* ViewController.swift */,
				72AD3AAB273A51A60047B5F9 /* Main.storyboard */,
				72AD3AAE273A51AA0047B5F9 /* Assets.xcassets */,
				72AD3AB0273A51AA0047B5F9 /* LaunchScreen.storyboard */,
				72AD3AB3273A51AA0047B5F9 /* Info.plist */,
			);
			path = MusicPlayer;
			sourceTree = "<group>";
		};
		72AD3ABB273A51AA0047B5F9 /* MusicPlayerTests */ = {
			isa = PBXGroup;
			children = (
				72AD3ABC273A51AA0047B5F9 /* MusicPlayerTests.swift */,
				72AD3ABE273A51AA0047B5F9 /* Info.plist */,
			);
			path = MusicPlayerTests;
			sourceTree = "<group>";
		};
		72AD3AC6273A51AA0047B5F9 /* MusicPlayerUITests */ = {
			isa = PBXGroup;
			children = (
				72AD3AC7273A51AA0047B5F9 /* MusicPlayerUITests.swift */,
				72AD3AC9273A51AA0047B5F9 /* Info.plist */,
			);
			path = MusicPlayerUITests;
			sourceTree = "<group>";
		};
/* End PBXGroup section */

/* Begin PBXNativeTarget section */
		72AD3AA1273A51A60047B5F9 /* MusicPlayer */ = {
			isa = PBXNativeTarget;
			buildConfigurationList = 72AD3ACC273A51AA0047B5F9 /* Build configuration list for PBXNativeTarget "MusicPlayer" */;
			buildPhases = (
				72AD3A9E273A51A60047B5F9 /* Sources */,
				72AD3A9F273A51A60047B5F9 /* Frameworks */,
				72AD3AA0273A51A60047B5F9 /* Resources */,
			);
			buildRules = (
			);
			dependencies = (
			);
			name = MusicPlayer;
			productName = MusicPlayer;
			productReference = 72AD3AA2273A51A60047B5F9 /* MusicPlayer.app */;
			productType = "com.apple.product-type.application";
		};
		72AD3AB7273A51AA0047B5F9 /* MusicPlayerTests */ = {
			isa = PBXNativeTarget;
			buildConfigurationList = 72AD3ACF273A51AA0047B5F9 /* Build configuration list for PBXNativeTarget "MusicPlayerTests" */;
			buildPhases = (
				72AD3AB4273A51AA0047B5F9 /* Sources */,
				72AD3AB5273A51AA0047B5F9 /* Frameworks */,
				72AD3AB6273A51AA0047B5F9 /* Resources */,
			);
			buildRules = (
			);
			dependencies = (
				72AD3ABA273A51AA0047B5F9 /* PBXTargetDependency */,
			);
			name = MusicPlayerTests;
			productName = MusicPlayerTests;
			productReference = 72AD3AB8273A51AA0047B5F9 /* MusicPlayerTests.xctest */;
			productType = "com.apple.product-type.bundle.unit-test";
		};
		72AD3AC2273A51AA0047B5F9 /* MusicPlayerUITests */ = {
			isa = PBXNativeTarget;
			buildConfigurationList = 72AD3AD2273A51AA0047B5F9 /* Build configuration list for PBXNativeTarget "MusicPlayerUITests" */;
			buildPhases = (
				72AD3ABF273A51AA0047B5F9 /* Sources */,
				72AD3AC0273A51AA0047B5F9 /* Frameworks */,
				72AD3AC1273A51AA0047B5F9 /* Resources */,
			);
			buildRules = (
			);
			dependencies = (
				72AD3AC5273A51AA0047B5F9 /* PBXTargetDependency */,
			);
			name = MusicPlayerUITests;
			productName = MusicPlayerUITests;
			productReference = 72AD3AC3273A51AA0047B5F9 /* MusicPlayerUITests.xctest */;
			productType = "com.apple.product-type.bundle.ui-testing";
		};
/* End PBXNativeTarget section */

/* Begin PBXProject section */
		72AD3A9A273A51A60047B5F9 /* Project object */ = {
			isa = PBXProject;
			attributes = {
				LastSwiftUpdateCheck = 1250;
				LastUpgradeCheck = 1250;
				TargetAttributes = {
					72AD3AA1273A51A60047B5F9 = {
						CreatedOnToolsVersion = 12.5.1;
					};
					72AD3AB7273A51AA0047B5F9 = {
						CreatedOnToolsVersion = 12.5.1;
						TestTargetID = 72AD3AA1273A51A60047B5F9;
					};
					72AD3AC2273A51AA0047B5F9 = {
						CreatedOnToolsVersion = 12.5.1;
						TestTargetID = 72AD3AA1273A51A60047B5F9;
					};
				};
			};
			buildConfigurationList = 72AD3A9D273A51A60047B5F9 /* Build configuration list for PBXProject "MusicPlayer" */;
			compatibilityVersion = "Xcode 9.3";
			developmentRegion = en;
			hasScannedForEncodings = 0;
			knownRegions = (
				en,
				Base,
			);
			mainGroup = 72AD3A99273A51A60047B5F9;
			productRefGroup = 72AD3AA3273A51A60047B5F9 /* Products */;
			projectDirPath = "";
			projectRoot = "";
			targets = (
				72AD3AA1273A51A60047B5F9 /* MusicPlayer */,
				72AD3AB7273A51AA0047B5F9 /* MusicPlayerTests */,
				72AD3AC2273A51AA0047B5F9 /* MusicPlayerUITests */,
			);
		};
/* End PBXProject section */

/* Begin PBXResourcesBuildPhase section */
		72AD3AA0273A51A60047B5F9 /* Resources */ = {
			isa = PBXResourcesBuildPhase;
			buildActionMask = 2147483647;
			files = (
				72AD3AB2273A51AA0047B5F9 /* LaunchScreen.storyboard in Resources */,
				72AD3AAF273A51AA0047B5F9 /* Assets.xcassets in Resources */,
				72AD3AAD273A51A60047B5F9 /* Main.storyboard in Resources */,
			);
			runOnlyForDeploymentPostprocessing = 0;
		};
		72AD3AB6273A51AA0047B5F9 /* Resources */ = {
			isa = PBXResourcesBuildPhase;
			buildActionMask = 2147483647;
			files = (
			);
			runOnlyForDeploymentPostprocessing = 0;
		};
		72AD3AC1273A51AA0047B5F9 /* Resources */ = {
			isa = PBXResourcesBuildPhase;
			buildActionMask = 2147483647;
			files = (
			);
			runOnlyForDeploymentPostprocessing = 0;
		};
/* End PBXResourcesBuildPhase section */

/* Begin PBXSourcesBuildPhase section */
		72AD3A9E273A51A60047B5F9 /* Sources */ = {
			isa = PBXSourcesBuildPhase;
			buildActionMask = 2147483647;
			files = (
				72AD3AAA273A51A60047B5F9 /* ViewController.swift in Sources */,
				72AD3AA6273A51A60047B5F9 /* AppDelegate.swift in Sources */,
				72AD3AA8273A51A60047B5F9 /* SceneDelegate.swift in Sources */,
			);
			runOnlyForDeploymentPostprocessing = 0;
		};
		72AD3AB4273A51AA0047B5F9 /* Sources */ = {
			isa = PBXSourcesBuildPhase;
			buildActionMask = 2147483647;
			files = (
				72AD3ABD273A51AA0047B5F9 /* MusicPlayerTests.swift in Sources */,
			);
			runOnlyForDeploymentPostprocessing = 0;
		};
		72AD3ABF273A51AA0047B5F9 /* Sources */ = {
			isa = PBXSourcesBuildPhase;
			buildActionMask = 2147483647;
			files = (
				72AD3AC8273A51AA0047B5F9 /* MusicPlayerUITests.swift in Sources */,
			);
			runOnlyForDeploymentPostprocessing = 0;
		};
/* End PBXSourcesBuildPhase section */

/* Begin PBXTargetDependency section */
		72AD3ABA273A51AA0047B5F9 /* PBXTargetDependency */ = {
			isa = PBXTargetDependency;
			target = 72AD3AA1273A51A60047B5F9 /* MusicPlayer */;
			targetProxy = 72AD3AB9273A51AA0047B5F9 /* PBXContainerItemProxy */;
		};
		72AD3AC5273A51AA0047B5F9 /* PBXTargetDependency */ = {
			isa = PBXTargetDependency;
			target = 72AD3AA1273A51A60047B5F9 /* MusicPlayer */;
			targetProxy = 72AD3AC4273A51AA0047B5F9 /* PBXContainerItemProxy */;
		};
/* End PBXTargetDependency section */

/* Begin PBXVariantGroup section */
		72AD3AAB273A51A60047B5F9 /* Main.storyboard */ = {
			isa = PBXVariantGroup;
			children = (
				72AD3AAC273A51A60047B5F9 /* Base */,
			);
			name = Main.storyboard;
			sourceTree = "<group>";
		};
		72AD3AB0273A51AA0047B5F9 /* LaunchScreen.storyboard */ = {
			isa = PBXVariantGroup;
			children = (
				72AD3AB1273A51AA0047B5F9 /* Base */,
			);
			name = LaunchScreen.storyboard;
			sourceTree = "<group>";
		};
/* End PBXVariantGroup section */

/* Begin XCBuildConfiguration section */
		72AD3ACA273A51AA0047B5F9 /* Debug */ = {
			isa = XCBuildConfiguration;
			buildSettings = {
				ALWAYS_SEARCH_USER_PATHS = NO;
				CLANG_ANALYZER_NONNULL = YES;
				CLANG_ANALYZER_NUMBER_OBJECT_CONVERSION = YES_AGGRESSIVE;
				CLANG_CXX_LANGUAGE_STANDARD = "gnu++14";
				CLANG_CXX_LIBRARY = "libc++";
				CLANG_ENABLE_MODULES = YES;
				CLANG_ENABLE_OBJC_ARC = YES;
				CLANG_ENABLE_OBJC_WEAK = YES;
				CLANG_WARN_BLOCK_CAPTURE_AUTORELEASING = YES;
				CLANG_WARN_BOOL_CONVERSION = YES;
				CLANG_WARN_COMMA = YES;
				CLANG_WARN_CONSTANT_CONVERSION = YES;
				CLANG_WARN_DEPRECATED_OBJC_IMPLEMENTATIONS = YES;
				CLANG_WARN_DIRECT_OBJC_ISA_USAGE = YES_ERROR;
				CLANG_WARN_DOCUMENTATION_COMMENTS = YES;
				CLANG_WARN_EMPTY_BODY = YES;
				CLANG_WARN_ENUM_CONVERSION = YES;
				CLANG_WARN_INFINITE_RECURSION = YES;
				CLANG_WARN_INT_CONVERSION = YES;
				CLANG_WARN_NON_LITERAL_NULL_CONVERSION = YES;
				CLANG_WARN_OBJC_IMPLICIT_RETAIN_SELF = YES;
				CLANG_WARN_OBJC_LITERAL_CONVERSION = YES;
				CLANG_WARN_OBJC_ROOT_CLASS = YES_ERROR;
				CLANG_WARN_QUOTED_INCLUDE_IN_FRAMEWORK_HEADER = YES;
				CLANG_WARN_RANGE_LOOP_ANALYSIS = YES;
				CLANG_WARN_STRICT_PROTOTYPES = YES;
				CLANG_WARN_SUSPICIOUS_MOVE = YES;
				CLANG_WARN_UNGUARDED_AVAILABILITY = YES_AGGRESSIVE;
				CLANG_WARN_UNREACHABLE_CODE = YES;
				CLANG_WARN__DUPLICATE_METHOD_MATCH = YES;
				COPY_PHASE_STRIP = NO;
				DEBUG_INFORMATION_FORMAT = dwarf;
				ENABLE_STRICT_OBJC_MSGSEND = YES;
				ENABLE_TESTABILITY = YES;
				GCC_C_LANGUAGE_STANDARD = gnu11;
				GCC_DYNAMIC_NO_PIC = NO;
				GCC_NO_COMMON_BLOCKS = YES;
				GCC_OPTIMIZATION_LEVEL = 0;
				GCC_PREPROCESSOR_DEFINITIONS = (
					"DEBUG=1",
					"$(inherited)",
				);
				GCC_WARN_64_TO_32_BIT_CONVERSION = YES;
				GCC_WARN_ABOUT_RETURN_TYPE = YES_ERROR;
				GCC_WARN_UNDECLARED_SELECTOR = YES;
				GCC_WARN_UNINITIALIZED_AUTOS = YES_AGGRESSIVE;
				GCC_WARN_UNUSED_FUNCTION = YES;
				GCC_WARN_UNUSED_VARIABLE = YES;
				IPHONEOS_DEPLOYMENT_TARGET = 14.5;
				MTL_ENABLE_DEBUG_INFO = INCLUDE_SOURCE;
				MTL_FAST_MATH = YES;
				ONLY_ACTIVE_ARCH = YES;
				SDKROOT = iphoneos;
				SWIFT_ACTIVE_COMPILATION_CONDITIONS = DEBUG;
				SWIFT_OPTIMIZATION_LEVEL = "-Onone";
			};
			name = Debug;
		};
		72AD3ACB273A51AA0047B5F9 /* Release */ = {
			isa = XCBuildConfiguration;
			buildSettings = {
				ALWAYS_SEARCH_USER_PATHS = NO;
				CLANG_ANALYZER_NONNULL = YES;
				CLANG_ANALYZER_NUMBER_OBJECT_CONVERSION = YES_AGGRESSIVE;
				CLANG_CXX_LANGUAGE_STANDARD = "gnu++14";
				CLANG_CXX_LIBRARY = "libc++";
				CLANG_ENABLE_MODULES = YES;
				CLANG_ENABLE_OBJC_ARC = YES;
				CLANG_ENABLE_OBJC_WEAK = YES;
				CLANG_WARN_BLOCK_CAPTURE_AUTORELEASING = YES;
				CLANG_WARN_BOOL_CONVERSION = YES;
				CLANG_WARN_COMMA = YES;
				CLANG_WARN_CONSTANT_CONVERSION = YES;
				CLANG_WARN_DEPRECATED_OBJC_IMPLEMENTATIONS = YES;
				CLANG_WARN_DIRECT_OBJC_ISA_USAGE = YES_ERROR;
				CLANG_WARN_DOCUMENTATION_COMMENTS = YES;
				CLANG_WARN_EMPTY_BODY = YES;
				CLANG_WARN_ENUM_CONVERSION = YES;
				CLANG_WARN_INFINITE_RECURSION = YES;
				CLANG_WARN_INT_CONVERSION = YES;
				CLANG_WARN_NON_LITERAL_NULL_CONVERSION = YES;
				CLANG_WARN_OBJC_IMPLICIT_RETAIN_SELF = YES;
				CLANG_WARN_OBJC_LITERAL_CONVERSION = YES;
				CLANG_WARN_OBJC_ROOT_CLASS = YES_ERROR;
				CLANG_WARN_QUOTED_INCLUDE_IN_FRAMEWORK_HEADER = YES;
				CLANG_WARN_RANGE_LOOP_ANALYSIS = YES;
				CLANG_WARN_STRICT_PROTOTYPES = YES;
				CLANG_WARN_SUSPICIOUS_MOVE = YES;
				CLANG_WARN_UNGUARDED_AVAILABILITY = YES_AGGRESSIVE;
				CLANG_WARN_UNREACHABLE_CODE = YES;
				CLANG_WARN__DUPLICATE_METHOD_MATCH = YES;
				COPY_PHASE_STRIP = NO;
				DEBUG_INFORMATION_FORMAT = "dwarf-with-dsym";
				ENABLE_NS_ASSERTIONS = NO;
				ENABLE_STRICT_OBJC_MSGSEND = YES;
				GCC_C_LANGUAGE_STANDARD = gnu11;
				GCC_NO_COMMON_BLOCKS = YES;
				GCC_WARN_64_TO_32_BIT_CONVERSION = YES;
				GCC_WARN_ABOUT_RETURN_TYPE = YES_ERROR;
				GCC_WARN_UNDECLARED_SELECTOR = YES;
				GCC_WARN_UNINITIALIZED_AUTOS = YES_AGGRESSIVE;
				GCC_WARN_UNUSED_FUNCTION = YES;
				GCC_WARN_UNUSED_VARIABLE = YES;
				IPHONEOS_DEPLOYMENT_TARGET = 14.5;
				MTL_ENABLE_DEBUG_INFO = NO;
				MTL_FAST_MATH = YES;
				SDKROOT = iphoneos;
				SWIFT_COMPILATION_MODE = wholemodule;
				SWIFT_OPTIMIZATION_LEVEL = "-O";
				VALIDATE_PRODUCT = YES;
			};
			name = Release;
		};
		72AD3ACD273A51AA0047B5F9 /* Debug */ = {
			isa = XCBuildConfiguration;
			buildSettings = {
				ASSETCATALOG_COMPILER_APPICON_NAME = AppIcon;
				ASSETCATALOG_COMPILER_GLOBAL_ACCENT_COLOR_NAME = AccentColor;
				CODE_SIGN_STYLE = Automatic;
				DEVELOPMENT_TEAM = 452CFVTRY5;
				INFOPLIST_FILE = MusicPlayer/Info.plist;
				LD_RUNPATH_SEARCH_PATHS = (
					"$(inherited)",
					"@executable_path/Frameworks",
				);
				PRODUCT_BUNDLE_IDENTIFIER = Devtechnosys.MusicPlayer;
				PRODUCT_NAME = "$(TARGET_NAME)";
				SWIFT_VERSION = 5.0;
				TARGETED_DEVICE_FAMILY = "1,2";
			};
			name = Debug;
		};
		72AD3ACE273A51AA0047B5F9 /* Release */ = {
			isa = XCBuildConfiguration;
			buildSettings = {
				ASSETCATALOG_COMPILER_APPICON_NAME = AppIcon;
				ASSETCATALOG_COMPILER_GLOBAL_ACCENT_COLOR_NAME = AccentColor;
				CODE_SIGN_STYLE = Automatic;
				DEVELOPMENT_TEAM = 452CFVTRY5;
				INFOPLIST_FILE = MusicPlayer/Info.plist;
				LD_RUNPATH_SEARCH_PATHS = (
					"$(inherited)",
					"@executable_path/Frameworks",
				);
				PRODUCT_BUNDLE_IDENTIFIER = Devtechnosys.MusicPlayer;
				PRODUCT_NAME = "$(TARGET_NAME)";
				SWIFT_VERSION = 5.0;
				TARGETED_DEVICE_FAMILY = "1,2";
			};
			name = Release;
		};
		72AD3AD0273A51AA0047B5F9 /* Debug */ = {
			isa = XCBuildConfiguration;
			buildSettings = {
				ALWAYS_EMBED_SWIFT_STANDARD_LIBRARIES = YES;
				BUNDLE_LOADER = "$(TEST_HOST)";
				CODE_SIGN_STYLE = Automatic;
				DEVELOPMENT_TEAM = 452CFVTRY5;
				INFOPLIST_FILE = MusicPlayerTests/Info.plist;
				IPHONEOS_DEPLOYMENT_TARGET = 14.5;
				LD_RUNPATH_SEARCH_PATHS = (
					"$(inherited)",
					"@executable_path/Frameworks",
					"@loader_path/Frameworks",
				);
				PRODUCT_BUNDLE_IDENTIFIER = Devtechnosys.MusicPlayerTests;
				PRODUCT_NAME = "$(TARGET_NAME)";
				SWIFT_VERSION = 5.0;
				TARGETED_DEVICE_FAMILY = "1,2";
				TEST_HOST = "$(BUILT_PRODUCTS_DIR)/MusicPlayer.app/MusicPlayer";
			};
			name = Debug;
		};
		72AD3AD1273A51AA0047B5F9 /* Release */ = {
			isa = XCBuildConfiguration;
			buildSettings = {
				ALWAYS_EMBED_SWIFT_STANDARD_LIBRARIES = YES;
				BUNDLE_LOADER = "$(TEST_HOST)";
				CODE_SIGN_STYLE = Automatic;
				DEVELOPMENT_TEAM = 452CFVTRY5;
				INFOPLIST_FILE = MusicPlayerTests/Info.plist;
				IPHONEOS_DEPLOYMENT_TARGET = 14.5;
				LD_RUNPATH_SEARCH_PATHS = (
					"$(inherited)",
					"@executable_path/Frameworks",
					"@loader_path/Frameworks",
				);
				PRODUCT_BUNDLE_IDENTIFIER = Devtechnosys.MusicPlayerTests;
				PRODUCT_NAME = "$(TARGET_NAME)";
				SWIFT_VERSION = 5.0;
				TARGETED_DEVICE_FAMILY = "1,2";
				TEST_HOST = "$(BUILT_PRODUCTS_DIR)/MusicPlayer.app/MusicPlayer";
			};
			name = Release;
		};
		72AD3AD3273A51AA0047B5F9 /* Debug */ = {
			isa = XCBuildConfiguration;
			buildSettings = {
				ALWAYS_EMBED_SWIFT_STANDARD_LIBRARIES = YES;
				CODE_SIGN_STYLE = Automatic;
				DEVELOPMENT_TEAM = 452CFVTRY5;
				INFOPLIST_FILE = MusicPlayerUITests/Info.plist;
				LD_RUNPATH_SEARCH_PATHS = (
					"$(inherited)",
					"@executable_path/Frameworks",
					"@loader_path/Frameworks",
				);
				PRODUCT_BUNDLE_IDENTIFIER = Devtechnosys.MusicPlayerUITests;
				PRODUCT_NAME = "$(TARGET_NAME)";
				SWIFT_VERSION = 5.0;
				TARGETED_DEVICE_FAMILY = "1,2";
				TEST_TARGET_NAME = MusicPlayer;
			};
			name = Debug;
		};
		72AD3AD4273A51AA0047B5F9 /* Release */ = {
			isa = XCBuildConfiguration;
			buildSettings = {
				ALWAYS_EMBED_SWIFT_STANDARD_LIBRARIES = YES;
				CODE_SIGN_STYLE = Automatic;
				DEVELOPMENT_TEAM = 452CFVTRY5;
				INFOPLIST_FILE = MusicPlayerUITests/Info.plist;
				LD_RUNPATH_SEARCH_PATHS = (
					"$(inherited)",
					"@executable_path/Frameworks",
					"@loader_path/Frameworks",
				);
				PRODUCT_BUNDLE_IDENTIFIER = Devtechnosys.MusicPlayerUITests;
				PRODUCT_NAME = "$(TARGET_NAME)";
				SWIFT_VERSION = 5.0;
				TARGETED_DEVICE_FAMILY = "1,2";
				TEST_TARGET_NAME = MusicPlayer;
			};
			name = Release;
		};
/* End XCBuildConfiguration section */

/* Begin XCConfigurationList section */
		72AD3A9D273A51A60047B5F9 /* Build configuration list for PBXProject "MusicPlayer" */ = {
			isa = XCConfigurationList;
			buildConfigurations = (
				72AD3ACA273A51AA0047B5F9 /* Debug */,
				72AD3ACB273A51AA0047B5F9 /* Release */,
			);
			defaultConfigurationIsVisible = 0;
			defaultConfigurationName = Release;
		};
		72AD3ACC273A51AA0047B5F9 /* Build configuration list for PBXNativeTarget "MusicPlayer" */ = {
			isa = XCConfigurationList;
			buildConfigurations = (
				72AD3ACD273A51AA0047B5F9 /* Debug */,
				72AD3ACE273A51AA0047B5F9 /* Release */,
			);
			defaultConfigurationIsVisible = 0;
			defaultConfigurationName = Release;
		};
		72AD3ACF273A51AA0047B5F9 /* Build configuration list for PBXNativeTarget "MusicPlayerTests" */ = {
			isa = XCConfigurationList;
			buildConfigurations = (
				72AD3AD0273A51AA0047B5F9 /* Debug */,
				72AD3AD1273A51AA0047B5F9 /* Release */,
			);
			defaultConfigurationIsVisible = 0;
			defaultConfigurationName = Release;
		};
		72AD3AD2273A51AA0047B5F9 /* Build configuration list for PBXNativeTarget "MusicPlayerUITests" */ = {
			isa = XCConfigurationList;
			buildConfigurations = (
				72AD3AD3273A51AA0047B5F9 /* Debug */,
				72AD3AD4273A51AA0047B5F9 /* Release */,
			);
			defaultConfigurationIsVisible = 0;
			defaultConfigurationName = Release;
		};
/* End XCConfigurationList section */
	};
	rootObject = 72AD3A9A273A51A60047B5F9 /* Project object */;
}
